
Microsoft Visual Studio Solution File, Format Version 12.00
# Visual Studio Version 17
VisualStudioVersion = 17.4.33103.184
MinimumVisualStudioVersion = 10.0.40219.1
Project("{9A19103F-16F7-4668-BE54-9A1E7A4F7556}") = "ExtractData", "ExtractData\ExtractData.csproj", "{4A7BE3EB-66C8-455E-9227-2D2EEF75B32A}"
EndProject
Project("{9A19103F-16F7-4668-BE54-9A1E7A4F7556}") = "Extract.Domain", "Extract.Domain\Extract.Domain.csproj", "{9446C589-9809-4678-AC61-559B66632A98}"
EndProject
Project("{9A19103F-16F7-4668-BE54-9A1E7A4F7556}") = "Extract.Domain.Share", "Extract.Domain.Share\Extract.Domain.Share.csproj", "{C5AFDFCB-2304-4DC3-93BA-7BE8D10D27B6}"
EndProject
Project("{9A19103F-16F7-4668-BE54-9A1E7A4F7556}") = "ExtractData.Repositories", "ExtractData.Repositories\ExtractData.Repositories.csproj", "{7FD57419-93EE-4D24-93D2-2597B7E2ACDB}"
EndProject
Global
	GlobalSection(SolutionConfigurationPlatforms) = preSolution
		Debug|Any CPU = Debug|Any CPU
		Debug|ARM = Debug|ARM
		Debug|ARM64 = Debug|ARM64
		Debug|x64 = Debug|x64
		Debug|x86 = Debug|x86
		Release|Any CPU = Release|Any CPU
		Release|ARM = Release|ARM
		Release|ARM64 = Release|ARM64
		Release|x64 = Release|x64
		Release|x86 = Release|x86
	EndGlobalSection
	GlobalSection(ProjectConfigurationPlatforms) = postSolution
		{4A7BE3EB-66C8-455E-9227-2D2EEF75B32A}.Debug|Any CPU.ActiveCfg = Debug|Any CPU
		{4A7BE3EB-66C8-455E-9227-2D2EEF75B32A}.Debug|Any CPU.Build.0 = Debug|Any CPU
		{4A7BE3EB-66C8-455E-9227-2D2EEF75B32A}.Debug|ARM.ActiveCfg = Debug|Any CPU
		{4A7BE3EB-66C8-455E-9227-2D2EEF75B32A}.Debug|ARM.Build.0 = Debug|Any CPU
		{4A7BE3EB-66C8-455E-9227-2D2EEF75B32A}.Debug|ARM64.ActiveCfg = Debug|Any CPU
		{4A7BE3EB-66C8-455E-9227-2D2EEF75B32A}.Debug|ARM64.Build.0 = Debug|Any CPU
		{4A7BE3EB-66C8-455E-9227-2D2EEF75B32A}.Debug|x64.ActiveCfg = Debug|Any CPU
		{4A7BE3EB-66C8-455E-9227-2D2EEF75B32A}.Debug|x64.Build.0 = Debug|Any CPU
		{4A7BE3EB-66C8-455E-9227-2D2EEF75B32A}.Debug|x86.ActiveCfg = Debug|Any CPU
		{4A7BE3EB-66C8-455E-9227-2D2EEF75B32A}.Debug|x86.Build.0 = Debug|Any CPU
		{4A7BE3EB-66C8-455E-9227-2D2EEF75B32A}.Release|Any CPU.ActiveCfg = Release|Any CPU
		{4A7BE3EB-66C8-455E-9227-2D2EEF75B32A}.Release|Any CPU.Build.0 = Release|Any CPU
		{4A7BE3EB-66C8-455E-9227-2D2EEF75B32A}.Release|ARM.ActiveCfg = Release|Any CPU
		{4A7BE3EB-66C8-455E-9227-2D2EEF75B32A}.Release|ARM.Build.0 = Release|Any CPU
		{4A7BE3EB-66C8-455E-9227-2D2EEF75B32A}.Release|ARM64.ActiveCfg = Release|Any CPU
		{4A7BE3EB-66C8-455E-9227-2D2EEF75B32A}.Release|ARM64.Build.0 = Release|Any CPU
		{4A7BE3EB-66C8-455E-9227-2D2EEF75B32A}.Release|x64.ActiveCfg = Release|Any CPU
		{4A7BE3EB-66C8-455E-9227-2D2EEF75B32A}.Release|x64.Build.0 = Release|Any CPU
		{4A7BE3EB-66C8-455E-9227-2D2EEF75B32A}.Release|x86.ActiveCfg = Release|Any CPU
		{4A7BE3EB-66C8-455E-9227-2D2EEF75B32A}.Release|x86.Build.0 = Release|Any CPU
		{9446C589-9809-4678-AC61-559B66632A98}.Debug|Any CPU.ActiveCfg = Debug|Any CPU
		{9446C589-9809-4678-AC61-559B66632A98}.Debug|Any CPU.Build.0 = Debug|Any CPU
		{9446C589-9809-4678-AC61-559B66632A98}.Debug|ARM.ActiveCfg = Debug|Any CPU
		{9446C589-9809-4678-AC61-559B66632A98}.Debug|ARM.Build.0 = Debug|Any CPU
		{9446C589-9809-4678-AC61-559B66632A98}.Debug|ARM64.ActiveCfg = Debug|Any CPU
		{9446C589-9809-4678-AC61-559B66632A98}.Debug|ARM64.Build.0 = Debug|Any CPU
		{9446C589-9809-4678-AC61-559B66632A98}.Debug|x64.ActiveCfg = Debug|Any CPU
		{9446C589-9809-4678-AC61-559B66632A98}.Debug|x64.Build.0 = Debug|Any CPU
		{9446C589-9809-4678-AC61-559B66632A98}.Debug|x86.ActiveCfg = Debug|Any CPU
		{9446C589-9809-4678-AC61-559B66632A98}.Debug|x86.Build.0 = Debug|Any CPU
		{9446C589-9809-4678-AC61-559B66632A98}.Release|Any CPU.ActiveCfg = Release|Any CPU
		{9446C589-9809-4678-AC61-559B66632A98}.Release|Any CPU.Build.0 = Release|Any CPU
		{9446C589-9809-4678-AC61-559B66632A98}.Release|ARM.ActiveCfg = Release|Any CPU
		{9446C589-9809-4678-AC61-559B66632A98}.Release|ARM.Build.0 = Release|Any CPU
		{9446C589-9809-4678-AC61-559B66632A98}.Release|ARM64.ActiveCfg = Release|Any CPU
		{9446C589-9809-4678-AC61-559B66632A98}.Release|ARM64.Build.0 = Release|Any CPU
		{9446C589-9809-4678-AC61-559B66632A98}.Release|x64.ActiveCfg = Release|Any CPU
		{9446C589-9809-4678-AC61-559B66632A98}.Release|x64.Build.0 = Release|Any CPU
		{9446C589-9809-4678-AC61-559B66632A98}.Release|x86.ActiveCfg = Release|Any CPU
		{9446C589-9809-4678-AC61-559B66632A98}.Release|x86.Build.0 = Release|Any CPU
		{C5AFDFCB-2304-4DC3-93BA-7BE8D10D27B6}.Debug|Any CPU.ActiveCfg = Debug|Any CPU
		{C5AFDFCB-2304-4DC3-93BA-7BE8D10D27B6}.Debug|Any CPU.Build.0 = Debug|Any CPU
		{C5AFDFCB-2304-4DC3-93BA-7BE8D10D27B6}.Debug|ARM.ActiveCfg = Debug|Any CPU
		{C5AFDFCB-2304-4DC3-93BA-7BE8D10D27B6}.Debug|ARM.Build.0 = Debug|Any CPU
		{C5AFDFCB-2304-4DC3-93BA-7BE8D10D27B6}.Debug|ARM64.ActiveCfg = Debug|Any CPU
		{C5AFDFCB-2304-4DC3-93BA-7BE8D10D27B6}.Debug|ARM64.Build.0 = Debug|Any CPU
		{C5AFDFCB-2304-4DC3-93BA-7BE8D10D27B6}.Debug|x64.ActiveCfg = Debug|Any CPU
		{C5AFDFCB-2304-4DC3-93BA-7BE8D10D27B6}.Debug|x64.Build.0 = Debug|Any CPU
		{C5AFDFCB-2304-4DC3-93BA-7BE8D10D27B6}.Debug|x86.ActiveCfg = Debug|Any CPU
		{C5AFDFCB-2304-4DC3-93BA-7BE8D10D27B6}.Debug|x86.Build.0 = Debug|Any CPU
		{C5AFDFCB-2304-4DC3-93BA-7BE8D10D27B6}.Release|Any CPU.ActiveCfg = Release|Any CPU
		{C5AFDFCB-2304-4DC3-93BA-7BE8D10D27B6}.Release|Any CPU.Build.0 = Release|Any CPU
		{C5AFDFCB-2304-4DC3-93BA-7BE8D10D27B6}.Release|ARM.ActiveCfg = Release|Any CPU
		{C5AFDFCB-2304-4DC3-93BA-7BE8D10D27B6}.Release|ARM.Build.0 = Release|Any CPU
		{C5AFDFCB-2304-4DC3-93BA-7BE8D10D27B6}.Release|ARM64.ActiveCfg = Release|Any CPU
		{C5AFDFCB-2304-4DC3-93BA-7BE8D10D27B6}.Release|ARM64.Build.0 = Release|Any CPU
		{C5AFDFCB-2304-4DC3-93BA-7BE8D10D27B6}.Release|x64.ActiveCfg = Release|Any CPU
		{C5AFDFCB-2304-4DC3-93BA-7BE8D10D27B6}.Release|x64.Build.0 = Release|Any CPU
		{C5AFDFCB-2304-4DC3-93BA-7BE8D10D27B6}.Release|x86.ActiveCfg = Release|Any CPU
		{C5AFDFCB-2304-4DC3-93BA-7BE8D10D27B6}.Release|x86.Build.0 = Release|Any CPU
		{7FD57419-93EE-4D24-93D2-2597B7E2ACDB}.Debug|Any CPU.ActiveCfg = Debug|Any CPU
		{7FD57419-93EE-4D24-93D2-2597B7E2ACDB}.Debug|Any CPU.Build.0 = Debug|Any CPU
		{7FD57419-93EE-4D24-93D2-2597B7E2ACDB}.Debug|ARM.ActiveCfg = Debug|Any CPU
		{7FD57419-93EE-4D24-93D2-2597B7E2ACDB}.Debug|ARM.Build.0 = Debug|Any CPU
		{7FD57419-93EE-4D24-93D2-2597B7E2ACDB}.Debug|ARM64.ActiveCfg = Debug|Any CPU
		{7FD57419-93EE-4D24-93D2-2597B7E2ACDB}.Debug|ARM64.Build.0 = Debug|Any CPU
		{7FD57419-93EE-4D24-93D2-2597B7E2ACDB}.Debug|x64.ActiveCfg = Debug|Any CPU
		{7FD57419-93EE-4D24-93D2-2597B7E2ACDB}.Debug|x64.Build.0 = Debug|Any CPU
		{7FD57419-93EE-4D24-93D2-2597B7E2ACDB}.Debug|x86.ActiveCfg = Debug|Any CPU
		{7FD57419-93EE-4D24-93D2-2597B7E2ACDB}.Debug|x86.Build.0 = Debug|Any CPU
		{7FD57419-93EE-4D24-93D2-2597B7E2ACDB}.Release|Any CPU.ActiveCfg = Release|Any CPU
		{7FD57419-93EE-4D24-93D2-2597B7E2ACDB}.Release|Any CPU.Build.0 = Release|Any CPU
		{7FD57419-93EE-4D24-93D2-2597B7E2ACDB}.Release|ARM.ActiveCfg = Release|Any CPU
		{7FD57419-93EE-4D24-93D2-2597B7E2ACDB}.Release|ARM.Build.0 = Release|Any CPU
		{7FD57419-93EE-4D24-93D2-2597B7E2ACDB}.Release|ARM64.ActiveCfg = Release|Any CPU
		{7FD57419-93EE-4D24-93D2-2597B7E2ACDB}.Release|ARM64.Build.0 = Release|Any CPU
		{7FD57419-93EE-4D24-93D2-2597B7E2ACDB}.Release|x64.ActiveCfg = Release|Any CPU
		{7FD57419-93EE-4D24-93D2-2597B7E2ACDB}.Release|x64.Build.0 = Release|Any CPU
		{7FD57419-93EE-4D24-93D2-2597B7E2ACDB}.Release|x86.ActiveCfg = Release|Any CPU
		{7FD57419-93EE-4D24-93D2-2597B7E2ACDB}.Release|x86.Build.0 = Release|Any CPU
	EndGlobalSection
	GlobalSection(SolutionProperties) = preSolution
		HideSolutionNode = FALSE
	EndGlobalSection
	GlobalSection(ExtensibilityGlobals) = postSolution
		SolutionGuid = {2698A642-5C03-48C3-A769-CB008BF7CDA1}
	EndGlobalSection
EndGlobal
