
Microsoft Visual Studio Solution File, Format Version 12.00
# Visual Studio Version 17
VisualStudioVersion = 17.4.33103.184
MinimumVisualStudioVersion = 10.0.40219.1
Project("{FAE04EC0-301F-11D3-BF4B-00C04F79EFBC}") = "AsyncLocalTesting", "AsyncLocalTesting\AsyncLocalTesting.csproj", "{23FBD91B-0D09-48C5-A883-EEE3F0B66715}"
EndProject
Project("{FAE04EC0-301F-11D3-BF4B-00C04F79EFBC}") = "ThreadStaticTesting", "ThreadStaticTesting\ThreadStaticTesting.csproj", "{29E0F2FA-7A99-47C8-99C1-797A37BD44B0}"
EndProject
Global
	GlobalSection(SolutionConfigurationPlatforms) = preSolution
		Debug|Any CPU = Debug|Any CPU
		Release|Any CPU = Release|Any CPU
	EndGlobalSection
	GlobalSection(ProjectConfigurationPlatforms) = postSolution
		{23FBD91B-0D09-48C5-A883-EEE3F0B66715}.Debug|Any CPU.ActiveCfg = Debug|Any CPU
		{23FBD91B-0D09-48C5-A883-EEE3F0B66715}.Debug|Any CPU.Build.0 = Debug|Any CPU
		{23FBD91B-0D09-48C5-A883-EEE3F0B66715}.Release|Any CPU.ActiveCfg = Release|Any CPU
		{23FBD91B-0D09-48C5-A883-EEE3F0B66715}.Release|Any CPU.Build.0 = Release|Any CPU
		{29E0F2FA-7A99-47C8-99C1-797A37BD44B0}.Debug|Any CPU.ActiveCfg = Debug|Any CPU
		{29E0F2FA-7A99-47C8-99C1-797A37BD44B0}.Debug|Any CPU.Build.0 = Debug|Any CPU
		{29E0F2FA-7A99-47C8-99C1-797A37BD44B0}.Release|Any CPU.ActiveCfg = Release|Any CPU
		{29E0F2FA-7A99-47C8-99C1-797A37BD44B0}.Release|Any CPU.Build.0 = Release|Any CPU
	EndGlobalSection
	GlobalSection(SolutionProperties) = preSolution
		HideSolutionNode = FALSE
	EndGlobalSection
	GlobalSection(ExtensibilityGlobals) = postSolution
		SolutionGuid = {463D310E-6ECE-4E7B-8005-941AC069BFC1}
	EndGlobalSection
EndGlobal
