
Microsoft Visual Studio Solution File, Format Version 12.00
# Visual Studio Version 17
VisualStudioVersion = 17.1.32421.90
MinimumVisualStudioVersion = 10.0.40219.1
Project("{FAE04EC0-301F-11D3-BF4B-00C04F79EFBC}") = "Transaction", "Transaction\Transaction.csproj", "{0580ACA2-68C7-49A5-B62C-7649A9A0F4FF}"
EndProject
Global
	GlobalSection(SolutionConfigurationPlatforms) = preSolution
		Debug|Any CPU = Debug|Any CPU
		Release|Any CPU = Release|Any CPU
	EndGlobalSection
	GlobalSection(ProjectConfigurationPlatforms) = postSolution
		{0580ACA2-68C7-49A5-B62C-7649A9A0F4FF}.Debug|Any CPU.ActiveCfg = Debug|Any CPU
		{0580ACA2-68C7-49A5-B62C-7649A9A0F4FF}.Debug|Any CPU.Build.0 = Debug|Any CPU
		{0580ACA2-68C7-49A5-B62C-7649A9A0F4FF}.Release|Any CPU.ActiveCfg = Release|Any CPU
		{0580ACA2-68C7-49A5-B62C-7649A9A0F4FF}.Release|Any CPU.Build.0 = Release|Any CPU
	EndGlobalSection
	GlobalSection(SolutionProperties) = preSolution
		HideSolutionNode = FALSE
	EndGlobalSection
	GlobalSection(ExtensibilityGlobals) = postSolution
		SolutionGuid = {CF88A3D5-724B-4FD1-B0D3-8BD80BB06950}
	EndGlobalSection
EndGlobal
