
Microsoft Visual Studio Solution File, Format Version 12.00
# Visual Studio Version 17
VisualStudioVersion = 17.1.32421.90
MinimumVisualStudioVersion = 10.0.40219.1
Project("{9A19103F-16F7-4668-BE54-9A1E7A4F7556}") = "gRPC", "gRPC\gRPC.csproj", "{33FCEE7B-B2FE-4BF2-9535-B143AC1CCCE6}"
EndProject
Project("{9A19103F-16F7-4668-BE54-9A1E7A4F7556}") = "Proto", "Proto\Proto.csproj", "{5F43F2D0-DD82-4D15-BB5C-E9E3B867603E}"
EndProject
Project("{9A19103F-16F7-4668-BE54-9A1E7A4F7556}") = "Client", "Client\Client.csproj", "{6E3C0ECD-DCE5-45E4-9754-5A7679910577}"
EndProject
Global
	GlobalSection(SolutionConfigurationPlatforms) = preSolution
		Debug|Any CPU = Debug|Any CPU
		Release|Any CPU = Release|Any CPU
	EndGlobalSection
	GlobalSection(ProjectConfigurationPlatforms) = postSolution
		{33FCEE7B-B2FE-4BF2-9535-B143AC1CCCE6}.Debug|Any CPU.ActiveCfg = Debug|Any CPU
		{33FCEE7B-B2FE-4BF2-9535-B143AC1CCCE6}.Debug|Any CPU.Build.0 = Debug|Any CPU
		{33FCEE7B-B2FE-4BF2-9535-B143AC1CCCE6}.Release|Any CPU.ActiveCfg = Release|Any CPU
		{33FCEE7B-B2FE-4BF2-9535-B143AC1CCCE6}.Release|Any CPU.Build.0 = Release|Any CPU
		{5F43F2D0-DD82-4D15-BB5C-E9E3B867603E}.Debug|Any CPU.ActiveCfg = Debug|Any CPU
		{5F43F2D0-DD82-4D15-BB5C-E9E3B867603E}.Debug|Any CPU.Build.0 = Debug|Any CPU
		{5F43F2D0-DD82-4D15-BB5C-E9E3B867603E}.Release|Any CPU.ActiveCfg = Release|Any CPU
		{5F43F2D0-DD82-4D15-BB5C-E9E3B867603E}.Release|Any CPU.Build.0 = Release|Any CPU
		{6E3C0ECD-DCE5-45E4-9754-5A7679910577}.Debug|Any CPU.ActiveCfg = Debug|Any CPU
		{6E3C0ECD-DCE5-45E4-9754-5A7679910577}.Debug|Any CPU.Build.0 = Debug|Any CPU
		{6E3C0ECD-DCE5-45E4-9754-5A7679910577}.Release|Any CPU.ActiveCfg = Release|Any CPU
		{6E3C0ECD-DCE5-45E4-9754-5A7679910577}.Release|Any CPU.Build.0 = Release|Any CPU
	EndGlobalSection
	GlobalSection(SolutionProperties) = preSolution
		HideSolutionNode = FALSE
	EndGlobalSection
	GlobalSection(ExtensibilityGlobals) = postSolution
		SolutionGuid = {A470E533-261F-4128-B46D-168455414999}
	EndGlobalSection
EndGlobal
