
Microsoft Visual Studio Solution File, Format Version 12.00
# Visual Studio Version 17
VisualStudioVersion = 17.13.35818.85 d17.13
MinimumVisualStudioVersion = 10.0.40219.1
Project("{FAE04EC0-301F-11D3-BF4B-00C04F79EFBC}") = "Casbin.NET.ABACTest1", "Casbin.NET.ABACTest1\Casbin.NET.ABACTest1.csproj", "{49AE2FBB-1A47-46A4-9732-3D026B681186}"
EndProject
Global
	GlobalSection(SolutionConfigurationPlatforms) = preSolution
		Debug|Any CPU = Debug|Any CPU
		Release|Any CPU = Release|Any CPU
	EndGlobalSection
	GlobalSection(ProjectConfigurationPlatforms) = postSolution
		{49AE2FBB-1A47-46A4-9732-3D026B681186}.Debug|Any CPU.ActiveCfg = Debug|Any CPU
		{49AE2FBB-1A47-46A4-9732-3D026B681186}.Debug|Any CPU.Build.0 = Debug|Any CPU
		{49AE2FBB-1A47-46A4-9732-3D026B681186}.Release|Any CPU.ActiveCfg = Release|Any CPU
		{49AE2FBB-1A47-46A4-9732-3D026B681186}.Release|Any CPU.Build.0 = Release|Any CPU
	EndGlobalSection
	GlobalSection(SolutionProperties) = preSolution
		HideSolutionNode = FALSE
	EndGlobalSection
	GlobalSection(ExtensibilityGlobals) = postSolution
		SolutionGuid = {48228B2F-4C40-4A90-B9F5-C9575BB6B0E3}
	EndGlobalSection
EndGlobal
