
Microsoft Visual Studio Solution File, Format Version 12.00
# Visual Studio Version 17
VisualStudioVersion = 17.1.32421.90
MinimumVisualStudioVersion = 10.0.40219.1
Project("{FAE04EC0-301F-11D3-BF4B-00C04F79EFBC}") = "CustomizeServiceProvider", "CustomizeServiceProvider\CustomizeServiceProvider.csproj", "{5602D143-7F2A-4951-A6B1-1EA6FE084EC2}"
EndProject
Global
	GlobalSection(SolutionConfigurationPlatforms) = preSolution
		Debug|Any CPU = Debug|Any CPU
		Release|Any CPU = Release|Any CPU
	EndGlobalSection
	GlobalSection(ProjectConfigurationPlatforms) = postSolution
		{5602D143-7F2A-4951-A6B1-1EA6FE084EC2}.Debug|Any CPU.ActiveCfg = Debug|Any CPU
		{5602D143-7F2A-4951-A6B1-1EA6FE084EC2}.Debug|Any CPU.Build.0 = Debug|Any CPU
		{5602D143-7F2A-4951-A6B1-1EA6FE084EC2}.Release|Any CPU.ActiveCfg = Release|Any CPU
		{5602D143-7F2A-4951-A6B1-1EA6FE084EC2}.Release|Any CPU.Build.0 = Release|Any CPU
	EndGlobalSection
	GlobalSection(SolutionProperties) = preSolution
		HideSolutionNode = FALSE
	EndGlobalSection
	GlobalSection(ExtensibilityGlobals) = postSolution
		SolutionGuid = {1C641F6D-D47E-4FD6-B169-A32FF4AA947B}
	EndGlobalSection
EndGlobal
