
Microsoft Visual Studio Solution File, Format Version 12.00
# Visual Studio Version 17
VisualStudioVersion = 17.1.32421.90
MinimumVisualStudioVersion = 10.0.40219.1
Project("{FAE04EC0-301F-11D3-BF4B-00C04F79EFBC}") = "Producer", "Producer\Producer.csproj", "{BDFB9B72-55C2-43F4-8F8A-4A026B8A0FDB}"
EndProject
Project("{FAE04EC0-301F-11D3-BF4B-00C04F79EFBC}") = "Subscriber", "Subscriber\Subscriber.csproj", "{BDDE90C5-B80B-48AA-B7C8-D31DA310F136}"
EndProject
Global
	GlobalSection(SolutionConfigurationPlatforms) = preSolution
		Debug|Any CPU = Debug|Any CPU
		Release|Any CPU = Release|Any CPU
	EndGlobalSection
	GlobalSection(ProjectConfigurationPlatforms) = postSolution
		{BDFB9B72-55C2-43F4-8F8A-4A026B8A0FDB}.Debug|Any CPU.ActiveCfg = Debug|Any CPU
		{BDFB9B72-55C2-43F4-8F8A-4A026B8A0FDB}.Debug|Any CPU.Build.0 = Debug|Any CPU
		{BDFB9B72-55C2-43F4-8F8A-4A026B8A0FDB}.Release|Any CPU.ActiveCfg = Release|Any CPU
		{BDFB9B72-55C2-43F4-8F8A-4A026B8A0FDB}.Release|Any CPU.Build.0 = Release|Any CPU
		{BDDE90C5-B80B-48AA-B7C8-D31DA310F136}.Debug|Any CPU.ActiveCfg = Debug|Any CPU
		{BDDE90C5-B80B-48AA-B7C8-D31DA310F136}.Debug|Any CPU.Build.0 = Debug|Any CPU
		{BDDE90C5-B80B-48AA-B7C8-D31DA310F136}.Release|Any CPU.ActiveCfg = Release|Any CPU
		{BDDE90C5-B80B-48AA-B7C8-D31DA310F136}.Release|Any CPU.Build.0 = Release|Any CPU
	EndGlobalSection
	GlobalSection(SolutionProperties) = preSolution
		HideSolutionNode = FALSE
	EndGlobalSection
	GlobalSection(ExtensibilityGlobals) = postSolution
		SolutionGuid = {7B6B6B8F-7828-44CB-BE19-E41ED65E6934}
	EndGlobalSection
EndGlobal
