
Microsoft Visual Studio Solution File, Format Version 12.00
# Visual Studio Version 17
VisualStudioVersion = 17.14.36121.58 d17.14
MinimumVisualStudioVersion = 10.0.40219.1
Project("{FAE04EC0-301F-11D3-BF4B-00C04F79EFBC}") = "ConsoleApp1", "ConsoleApp1\ConsoleApp1.csproj", "{61309572-E7CB-4192-B9A8-10E48461CF7C}"
EndProject
Global
	GlobalSection(SolutionConfigurationPlatforms) = preSolution
		Debug|Any CPU = Debug|Any CPU
		Release|Any CPU = Release|Any CPU
	EndGlobalSection
	GlobalSection(ProjectConfigurationPlatforms) = postSolution
		{61309572-E7CB-4192-B9A8-10E48461CF7C}.Debug|Any CPU.ActiveCfg = Debug|Any CPU
		{61309572-E7CB-4192-B9A8-10E48461CF7C}.Debug|Any CPU.Build.0 = Debug|Any CPU
		{61309572-E7CB-4192-B9A8-10E48461CF7C}.Release|Any CPU.ActiveCfg = Release|Any CPU
		{61309572-E7CB-4192-B9A8-10E48461CF7C}.Release|Any CPU.Build.0 = Release|Any CPU
	EndGlobalSection
	GlobalSection(SolutionProperties) = preSolution
		HideSolutionNode = FALSE
	EndGlobalSection
	GlobalSection(ExtensibilityGlobals) = postSolution
		SolutionGuid = {659F68AE-33C8-4494-8006-038E2E4CAB26}
	EndGlobalSection
EndGlobal
