
Microsoft Visual Studio Solution File, Format Version 12.00
# Visual Studio Version 17
VisualStudioVersion = 17.4.33103.184
MinimumVisualStudioVersion = 10.0.40219.1
Project("{FAE04EC0-301F-11D3-BF4B-00C04F79EFBC}") = "SemaphoreSlimTest", "SemaphoreSlimTest\SemaphoreSlimTest.csproj", "{C8C299A3-1F46-436B-9D1D-3BB28493B782}"
EndProject
Global
	GlobalSection(SolutionConfigurationPlatforms) = preSolution
		Debug|Any CPU = Debug|Any CPU
		Release|Any CPU = Release|Any CPU
	EndGlobalSection
	GlobalSection(ProjectConfigurationPlatforms) = postSolution
		{C8C299A3-1F46-436B-9D1D-3BB28493B782}.Debug|Any CPU.ActiveCfg = Debug|Any CPU
		{C8C299A3-1F46-436B-9D1D-3BB28493B782}.Debug|Any CPU.Build.0 = Debug|Any CPU
		{C8C299A3-1F46-436B-9D1D-3BB28493B782}.Release|Any CPU.ActiveCfg = Release|Any CPU
		{C8C299A3-1F46-436B-9D1D-3BB28493B782}.Release|Any CPU.Build.0 = Release|Any CPU
	EndGlobalSection
	GlobalSection(SolutionProperties) = preSolution
		HideSolutionNode = FALSE
	EndGlobalSection
	GlobalSection(ExtensibilityGlobals) = postSolution
		SolutionGuid = {226FB055-1FC9-45D0-85BF-39E747CA6857}
	EndGlobalSection
EndGlobal
