
Microsoft Visual Studio Solution File, Format Version 12.00
# Visual Studio Version 17
VisualStudioVersion = 17.4.33103.184
MinimumVisualStudioVersion = 10.0.40219.1
Project("{FAE04EC0-301F-11D3-BF4B-00C04F79EFBC}") = "PauseAndResume", "PauseAndResume\PauseAndResume.csproj", "{D5E1E1B3-EAA0-46D2-86D8-228E498CE8EF}"
EndProject
Global
	GlobalSection(SolutionConfigurationPlatforms) = preSolution
		Debug|Any CPU = Debug|Any CPU
		Release|Any CPU = Release|Any CPU
	EndGlobalSection
	GlobalSection(ProjectConfigurationPlatforms) = postSolution
		{D5E1E1B3-EAA0-46D2-86D8-228E498CE8EF}.Debug|Any CPU.ActiveCfg = Debug|Any CPU
		{D5E1E1B3-EAA0-46D2-86D8-228E498CE8EF}.Debug|Any CPU.Build.0 = Debug|Any CPU
		{D5E1E1B3-EAA0-46D2-86D8-228E498CE8EF}.Release|Any CPU.ActiveCfg = Release|Any CPU
		{D5E1E1B3-EAA0-46D2-86D8-228E498CE8EF}.Release|Any CPU.Build.0 = Release|Any CPU
	EndGlobalSection
	GlobalSection(SolutionProperties) = preSolution
		HideSolutionNode = FALSE
	EndGlobalSection
	GlobalSection(ExtensibilityGlobals) = postSolution
		SolutionGuid = {1CC45EDE-AD43-41F4-B374-3AE8946CD6BF}
	EndGlobalSection
EndGlobal
